{
  "version": 1,
  "dependencies": {
    "net10.0": {
      "Blake3": {
        "type": "Direct",
        "requested": "[3.0.2, )",
        "resolved": "3.0.2",
        "contentHash": "THvWhdj8ErSdrGamTqjshCU1ImANfr7ieKY6eFqeMsRenvXEKut9qGm5/MA4SUk8IYvAahf67jSh0yVj9jTPzg=="
      },
      "Tomlyn": {
        "type": "Direct",
        "requested": "[0.19.0, )",
        "resolved": "0.19.0",
        "contentHash": "GlI2o8R8jbZIaE+YX6uA/VoAOH7zIxYeqxDm7jHW2hqUhuB+q19oKold35FkMuv8IZDoCqsTMolaBv2eBLBmrQ=="
      }
    }
  }
}
