{
  "version": 1,
  "dependencies": {
    "net10.0-windows7.0": {
      "Microsoft.NET.ILLink.Tasks": {
        "type": "Direct",
        "requested": "[10.0.11, )",
        "resolved": "10.0.11",
        "contentHash": "IBf7lbovvjGWVWXZX5cJ/cO0WXbId0Zq4BuSeT94mGZuOAP66oMeH9PTBZ9Jpp3Jb6jtK0qm/NyUbPRo1gC/wQ=="
      },
      "Blake3": {
        "type": "Transitive",
        "resolved": "3.0.2",
        "contentHash": "THvWhdj8ErSdrGamTqjshCU1ImANfr7ieKY6eFqeMsRenvXEKut9qGm5/MA4SUk8IYvAahf67jSh0yVj9jTPzg=="
      },
      "Tomlyn": {
        "type": "Transitive",
        "resolved": "0.19.0",
        "contentHash": "GlI2o8R8jbZIaE+YX6uA/VoAOH7zIxYeqxDm7jHW2hqUhuB+q19oKold35FkMuv8IZDoCqsTMolaBv2eBLBmrQ=="
      },
      "downloader.core": {
        "type": "Project",
        "dependencies": {
          "Blake3": "[3.0.2, )",
          "Tomlyn": "[0.19.0, )"
        }
      }
    },
    "net10.0-windows7.0/win-x64": {}
  }
}
